// !$*UTF8*$!
{
	archiveVersion = 1;
	classes = {
	};
	objectVersion = 46;
	objects = {

/* Begin PBXBuildFile section */
		8D59BC081E72C969008F6E30 /* LYCTitleLabel.m in Sources */ = {isa = PBXBuildFile; fileRef = 8D59BC071E72C969008F6E30 /* LYCTitleLabel.m */; };
		8D59BC0B1E72D225008F6E30 /* LYCNewsCollectionViewCell.m in Sources */ = {isa = PBXBuildFile; fileRef = 8D59BC0A1E72D225008F6E30 /* LYCNewsCollectionViewCell.m */; };
		8D59BC0E1E72D5BE008F6E30 /* LYCNewsModel.m in Sources */ = {isa = PBXBuildFile; fileRef = 8D59BC0D1E72D5BE008F6E30 /* LYCNewsModel.m */; };
		8D81F69B1E72BB840030C9D2 /* main.m in Sources */ = {isa = PBXBuildFile; fileRef = 8D81F69A1E72BB840030C9D2 /* main.m */; };
		8D81F69E1E72BB840030C9D2 /* AppDelegate.m in Sources */ = {isa = PBXBuildFile; fileRef = 8D81F69D1E72BB840030C9D2 /* AppDelegate.m */; };
		8D81F6A41E72BB840030C9D2 /* Main.storyboard in Resources */ = {isa = PBXBuildFile; fileRef = 8D81F6A21E72BB840030C9D2 /* Main.storyboard */; };
		8D81F6A61E72BB840030C9D2 /* Assets.xcassets in Resources */ = {isa = PBXBuildFile; fileRef = 8D81F6A51E72BB840030C9D2 /* Assets.xcassets */; };
		8D81F6A91E72BB840030C9D2 /* LaunchScreen.storyboard in Resources */ = {isa = PBXBuildFile; fileRef = 8D81F6A71E72BB840030C9D2 /* LaunchScreen.storyboard */; };
		8D81F6B71E72BEE20030C9D2 /* LYCHomeViewController.m in Sources */ = {isa = PBXBuildFile; fileRef = 8D81F6B61E72BEE20030C9D2 /* LYCHomeViewController.m */; };
		8D81F6B91E72C1FD0030C9D2 /* topic_news.json in Resources */ = {isa = PBXBuildFile; fileRef = 8D81F6B81E72C1FD0030C9D2 /* topic_news.json */; };
		8D81F6BC1E72C2230030C9D2 /* LYCTitleModel.m in Sources */ = {isa = PBXBuildFile; fileRef = 8D81F6BB1E72C2230030C9D2 /* LYCTitleModel.m */; };
		8D81F6BF1E72C2A30030C9D2 /* LYCWebManager.m in Sources */ = {isa = PBXBuildFile; fileRef = 8D81F6BE1E72C2A30030C9D2 /* LYCWebManager.m */; };
		FC764595B42B5F5C44CCC10E /* libPods-1-网易新闻.a in Frameworks */ = {isa = PBXBuildFile; fileRef = B7EA4ABEEC640E0D97E81819 /* libPods-1-网易新闻.a */; };
/* End PBXBuildFile section */

/* Begin PBXFileReference section */
		2B636A69D74657A68F778C90 /* Pods-1-网易新闻.debug.xcconfig */ = {isa = PBXFileReference; includeInIndex = 1; lastKnownFileType = text.xcconfig; name = "Pods-1-网易新闻.debug.xcconfig"; path = "Pods/Target Support Files/Pods-1-网易新闻/Pods-1-网易新闻.debug.xcconfig"; sourceTree = "<group>"; };
		777A76D4D83B6BF34C26B44C /* Pods-1-网易新闻.release.xcconfig */ = {isa = PBXFileReference; includeInIndex = 1; lastKnownFileType = text.xcconfig; name = "Pods-1-网易新闻.release.xcconfig"; path = "Pods/Target Support Files/Pods-1-网易新闻/Pods-1-网易新闻.release.xcconfig"; sourceTree = "<group>"; };
		8D59BC061E72C969008F6E30 /* LYCTitleLabel.h */ = {isa = PBXFileReference; fileEncoding = 4; lastKnownFileType = sourcecode.c.h; path = LYCTitleLabel.h; sourceTree = "<group>"; };
		8D59BC071E72C969008F6E30 /* LYCTitleLabel.m */ = {isa = PBXFileReference; fileEncoding = 4; lastKnownFileType = sourcecode.c.objc; path = LYCTitleLabel.m; sourceTree = "<group>"; };
		8D59BC091E72D225008F6E30 /* LYCNewsCollectionViewCell.h */ = {isa = PBXFileReference; fileEncoding = 4; lastKnownFileType = sourcecode.c.h; path = LYCNewsCollectionViewCell.h; sourceTree = "<group>"; };
		8D59BC0A1E72D225008F6E30 /* LYCNewsCollectionViewCell.m */ = {isa = PBXFileReference; fileEncoding = 4; lastKnownFileType = sourcecode.c.objc; path = LYCNewsCollectionViewCell.m; sourceTree = "<group>"; };
		8D59BC0C1E72D5BE008F6E30 /* LYCNewsModel.h */ = {isa = PBXFileReference; fileEncoding = 4; lastKnownFileType = sourcecode.c.h; path = LYCNewsModel.h; sourceTree = "<group>"; };
		8D59BC0D1E72D5BE008F6E30 /* LYCNewsModel.m */ = {isa = PBXFileReference; fileEncoding = 4; lastKnownFileType = sourcecode.c.objc; path = LYCNewsModel.m; sourceTree = "<group>"; };
		8D81F6961E72BB840030C9D2 /* 1-网易新闻.app */ = {isa = PBXFileReference; explicitFileType = wrapper.application; includeInIndex = 0; path = "1-网易新闻.app"; sourceTree = BUILT_PRODUCTS_DIR; };
		8D81F69A1E72BB840030C9D2 /* main.m */ = {isa = PBXFileReference; lastKnownFileType = sourcecode.c.objc; path = main.m; sourceTree = "<group>"; };
		8D81F69C1E72BB840030C9D2 /* AppDelegate.h */ = {isa = PBXFileReference; lastKnownFileType = sourcecode.c.h; path = AppDelegate.h; sourceTree = "<group>"; };
		8D81F69D1E72BB840030C9D2 /* AppDelegate.m */ = {isa = PBXFileReference; lastKnownFileType = sourcecode.c.objc; path = AppDelegate.m; sourceTree = "<group>"; };
		8D81F6A31E72BB840030C9D2 /* Base */ = {isa = PBXFileReference; lastKnownFileType = file.storyboard; name = Base; path = Base.lproj/Main.storyboard; sourceTree = "<group>"; };
		8D81F6A51E72BB840030C9D2 /* Assets.xcassets */ = {isa = PBXFileReference; lastKnownFileType = folder.assetcatalog; path = Assets.xcassets; sourceTree = "<group>"; };
		8D81F6A81E72BB840030C9D2 /* Base */ = {isa = PBXFileReference; lastKnownFileType = file.storyboard; name = Base; path = Base.lproj/LaunchScreen.storyboard; sourceTree = "<group>"; };
		8D81F6AA1E72BB840030C9D2 /* Info.plist */ = {isa = PBXFileReference; lastKnownFileType = text.plist.xml; path = Info.plist; sourceTree = "<group>"; };
		8D81F6B51E72BEE20030C9D2 /* LYCHomeViewController.h */ = {isa = PBXFileReference; fileEncoding = 4; lastKnownFileType = sourcecode.c.h; path = LYCHomeViewController.h; sourceTree = "<group>"; };
		8D81F6B61E72BEE20030C9D2 /* LYCHomeViewController.m */ = {isa = PBXFileReference; fileEncoding = 4; lastKnownFileType = sourcecode.c.objc; path = LYCHomeViewController.m; sourceTree = "<group>"; };
		8D81F6B81E72C1FD0030C9D2 /* topic_news.json */ = {isa = PBXFileReference; fileEncoding = 4; lastKnownFileType = text.json; path = topic_news.json; sourceTree = "<group>"; };
		8D81F6BA1E72C2230030C9D2 /* LYCTitleModel.h */ = {isa = PBXFileReference; fileEncoding = 4; lastKnownFileType = sourcecode.c.h; path = LYCTitleModel.h; sourceTree = "<group>"; };
		8D81F6BB1E72C2230030C9D2 /* LYCTitleModel.m */ = {isa = PBXFileReference; fileEncoding = 4; lastKnownFileType = sourcecode.c.objc; path = LYCTitleModel.m; sourceTree = "<group>"; };
		8D81F6BD1E72C2A30030C9D2 /* LYCWebManager.h */ = {isa = PBXFileReference; fileEncoding = 4; lastKnownFileType = sourcecode.c.h; path = LYCWebManager.h; sourceTree = "<group>"; };
		8D81F6BE1E72C2A30030C9D2 /* LYCWebManager.m */ = {isa = PBXFileReference; fileEncoding = 4; lastKnownFileType = sourcecode.c.objc; path = LYCWebManager.m; sourceTree = "<group>"; };
		B7EA4ABEEC640E0D97E81819 /* libPods-1-网易新闻.a */ = {isa = PBXFileReference; explicitFileType = archive.ar; includeInIndex = 0; path = "libPods-1-网易新闻.a"; sourceTree = BUILT_PRODUCTS_DIR; };
/* End PBXFileReference section */

/* Begin PBXFrameworksBuildPhase section */
		8D81F6931E72BB840030C9D2 /* Frameworks */ = {
			isa = PBXFrameworksBuildPhase;
			buildActionMask = 2147483647;
			files = (
				FC764595B42B5F5C44CCC10E /* libPods-1-网易新闻.a in Frameworks */,
			);
			runOnlyForDeploymentPostprocessing = 0;
		};
/* End PBXFrameworksBuildPhase section */

/* Begin PBXGroup section */
		6677D53FA109CC455596B3D2 /* Frameworks */ = {
			isa = PBXGroup;
			children = (
				B7EA4ABEEC640E0D97E81819 /* libPods-1-网易新闻.a */,
			);
			name = Frameworks;
			sourceTree = "<group>";
		};
		6F188F8771DCCC8CFEE1FEC9 /* Pods */ = {
			isa = PBXGroup;
			children = (
				2B636A69D74657A68F778C90 /* Pods-1-网易新闻.debug.xcconfig */,
				777A76D4D83B6BF34C26B44C /* Pods-1-网易新闻.release.xcconfig */,
			);
			name = Pods;
			sourceTree = "<group>";
		};
		8D81F68D1E72BB840030C9D2 = {
			isa = PBXGroup;
			children = (
				8D81F6981E72BB840030C9D2 /* 1-网易新闻 */,
				8D81F6971E72BB840030C9D2 /* Products */,
				6F188F8771DCCC8CFEE1FEC9 /* Pods */,
				6677D53FA109CC455596B3D2 /* Frameworks */,
			);
			sourceTree = "<group>";
		};
		8D81F6971E72BB840030C9D2 /* Products */ = {
			isa = PBXGroup;
			children = (
				8D81F6961E72BB840030C9D2 /* 1-网易新闻.app */,
			);
			name = Products;
			sourceTree = "<group>";
		};
		8D81F6981E72BB840030C9D2 /* 1-网易新闻 */ = {
			isa = PBXGroup;
			children = (
				8D81F6B41E72BE9F0030C9D2 /* Tools */,
				8D81F6B01E72BE990030C9D2 /* Classes */,
				8D81F69C1E72BB840030C9D2 /* AppDelegate.h */,
				8D81F69D1E72BB840030C9D2 /* AppDelegate.m */,
				8D81F6A21E72BB840030C9D2 /* Main.storyboard */,
				8D81F6A51E72BB840030C9D2 /* Assets.xcassets */,
				8D81F6A71E72BB840030C9D2 /* LaunchScreen.storyboard */,
				8D81F6AA1E72BB840030C9D2 /* Info.plist */,
				8D81F6B81E72C1FD0030C9D2 /* topic_news.json */,
				8D81F6991E72BB840030C9D2 /* Supporting Files */,
			);
			path = "1-网易新闻";
			sourceTree = "<group>";
		};
		8D81F6991E72BB840030C9D2 /* Supporting Files */ = {
			isa = PBXGroup;
			children = (
				8D81F69A1E72BB840030C9D2 /* main.m */,
			);
			name = "Supporting Files";
			sourceTree = "<group>";
		};
		8D81F6B01E72BE990030C9D2 /* Classes */ = {
			isa = PBXGroup;
			children = (
				8D81F6B11E72BE990030C9D2 /* Controller */,
				8D81F6B21E72BE990030C9D2 /* Model */,
				8D81F6B31E72BE990030C9D2 /* View */,
			);
			path = Classes;
			sourceTree = "<group>";
		};
		8D81F6B11E72BE990030C9D2 /* Controller */ = {
			isa = PBXGroup;
			children = (
				8D81F6B51E72BEE20030C9D2 /* LYCHomeViewController.h */,
				8D81F6B61E72BEE20030C9D2 /* LYCHomeViewController.m */,
			);
			path = Controller;
			sourceTree = "<group>";
		};
		8D81F6B21E72BE990030C9D2 /* Model */ = {
			isa = PBXGroup;
			children = (
				8D81F6BA1E72C2230030C9D2 /* LYCTitleModel.h */,
				8D81F6BB1E72C2230030C9D2 /* LYCTitleModel.m */,
				8D59BC0C1E72D5BE008F6E30 /* LYCNewsModel.h */,
				8D59BC0D1E72D5BE008F6E30 /* LYCNewsModel.m */,
			);
			path = Model;
			sourceTree = "<group>";
		};
		8D81F6B31E72BE990030C9D2 /* View */ = {
			isa = PBXGroup;
			children = (
				8D59BC061E72C969008F6E30 /* LYCTitleLabel.h */,
				8D59BC071E72C969008F6E30 /* LYCTitleLabel.m */,
				8D59BC091E72D225008F6E30 /* LYCNewsCollectionViewCell.h */,
				8D59BC0A1E72D225008F6E30 /* LYCNewsCollectionViewCell.m */,
			);
			path = View;
			sourceTree = "<group>";
		};
		8D81F6B41E72BE9F0030C9D2 /* Tools */ = {
			isa = PBXGroup;
			children = (
				8D81F6BD1E72C2A30030C9D2 /* LYCWebManager.h */,
				8D81F6BE1E72C2A30030C9D2 /* LYCWebManager.m */,
			);
			path = Tools;
			sourceTree = "<group>";
		};
/* End PBXGroup section */

/* Begin PBXNativeTarget section */
		8D81F6951E72BB840030C9D2 /* 1-网易新闻 */ = {
			isa = PBXNativeTarget;
			buildConfigurationList = 8D81F6AD1E72BB840030C9D2 /* Build configuration list for PBXNativeTarget "1-网易新闻" */;
			buildPhases = (
				1D9F40FB170E52C1DD8A0AB9 /* [CP] Check Pods Manifest.lock */,
				8D81F6921E72BB840030C9D2 /* Sources */,
				8D81F6931E72BB840030C9D2 /* Frameworks */,
				8D81F6941E72BB840030C9D2 /* Resources */,
				0F9C81A73BDB90F7901108C0 /* [CP] Embed Pods Frameworks */,
				04E3A1F7DE3C9ACC71B9856B /* [CP] Copy Pods Resources */,
			);
			buildRules = (
			);
			dependencies = (
			);
			name = "1-网易新闻";
			productName = "1-网易新闻";
			productReference = 8D81F6961E72BB840030C9D2 /* 1-网易新闻.app */;
			productType = "com.apple.product-type.application";
		};
/* End PBXNativeTarget section */

/* Begin PBXProject section */
		8D81F68E1E72BB840030C9D2 /* Project object */ = {
			isa = PBXProject;
			attributes = {
				CLASSPREFIX = LYC;
				LastUpgradeCheck = 0820;
				ORGANIZATIONNAME = lyc;
				TargetAttributes = {
					8D81F6951E72BB840030C9D2 = {
						CreatedOnToolsVersion = 8.2;
						ProvisioningStyle = Automatic;
					};
				};
			};
			buildConfigurationList = 8D81F6911E72BB840030C9D2 /* Build configuration list for PBXProject "1-网易新闻" */;
			compatibilityVersion = "Xcode 3.2";
			developmentRegion = English;
			hasScannedForEncodings = 0;
			knownRegions = (
				en,
				Base,
			);
			mainGroup = 8D81F68D1E72BB840030C9D2;
			productRefGroup = 8D81F6971E72BB840030C9D2 /* Products */;
			projectDirPath = "";
			projectRoot = "";
			targets = (
				8D81F6951E72BB840030C9D2 /* 1-网易新闻 */,
			);
		};
/* End PBXProject section */

/* Begin PBXResourcesBuildPhase section */
		8D81F6941E72BB840030C9D2 /* Resources */ = {
			isa = PBXResourcesBuildPhase;
			buildActionMask = 2147483647;
			files = (
				8D81F6A91E72BB840030C9D2 /* LaunchScreen.storyboard in Resources */,
				8D81F6A61E72BB840030C9D2 /* Assets.xcassets in Resources */,
				8D81F6B91E72C1FD0030C9D2 /* topic_news.json in Resources */,
				8D81F6A41E72BB840030C9D2 /* Main.storyboard in Resources */,
			);
			runOnlyForDeploymentPostprocessing = 0;
		};
/* End PBXResourcesBuildPhase section */

/* Begin PBXShellScriptBuildPhase section */
		04E3A1F7DE3C9ACC71B9856B /* [CP] Copy Pods Resources */ = {
			isa = PBXShellScriptBuildPhase;
			buildActionMask = 2147483647;
			files = (
			);
			inputPaths = (
			);
			name = "[CP] Copy Pods Resources";
			outputPaths = (
			);
			runOnlyForDeploymentPostprocessing = 0;
			shellPath = /bin/sh;
			shellScript = "\"${SRCROOT}/Pods/Target Support Files/Pods-1-网易新闻/Pods-1-网易新闻-resources.sh\"\n";
			showEnvVarsInLog = 0;
		};
		0F9C81A73BDB90F7901108C0 /* [CP] Embed Pods Frameworks */ = {
			isa = PBXShellScriptBuildPhase;
			buildActionMask = 2147483647;
			files = (
			);
			inputPaths = (
			);
			name = "[CP] Embed Pods Frameworks";
			outputPaths = (
			);
			runOnlyForDeploymentPostprocessing = 0;
			shellPath = /bin/sh;
			shellScript = "\"${SRCROOT}/Pods/Target Support Files/Pods-1-网易新闻/Pods-1-网易新闻-frameworks.sh\"\n";
			showEnvVarsInLog = 0;
		};
		1D9F40FB170E52C1DD8A0AB9 /* [CP] Check Pods Manifest.lock */ = {
			isa = PBXShellScriptBuildPhase;
			buildActionMask = 2147483647;
			files = (
			);
			inputPaths = (
			);
			name = "[CP] Check Pods Manifest.lock";
			outputPaths = (
			);
			runOnlyForDeploymentPostprocessing = 0;
			shellPath = /bin/sh;
			shellScript = "diff \"${PODS_ROOT}/../Podfile.lock\" \"${PODS_ROOT}/Manifest.lock\" > /dev/null\nif [ $? != 0 ] ; then\n    # print error to STDERR\n    echo \"error: The sandbox is not in sync with the Podfile.lock. Run 'pod install' or update your CocoaPods installation.\" >&2\n    exit 1\nfi\n";
			showEnvVarsInLog = 0;
		};
/* End PBXShellScriptBuildPhase section */

/* Begin PBXSourcesBuildPhase section */
		8D81F6921E72BB840030C9D2 /* Sources */ = {
			isa = PBXSourcesBuildPhase;
			buildActionMask = 2147483647;
			files = (
				8D81F6B71E72BEE20030C9D2 /* LYCHomeViewController.m in Sources */,
				8D81F6BC1E72C2230030C9D2 /* LYCTitleModel.m in Sources */,
				8D81F69E1E72BB840030C9D2 /* AppDelegate.m in Sources */,
				8D81F6BF1E72C2A30030C9D2 /* LYCWebManager.m in Sources */,
				8D59BC081E72C969008F6E30 /* LYCTitleLabel.m in Sources */,
				8D59BC0B1E72D225008F6E30 /* LYCNewsCollectionViewCell.m in Sources */,
				8D81F69B1E72BB840030C9D2 /* main.m in Sources */,
				8D59BC0E1E72D5BE008F6E30 /* LYCNewsModel.m in Sources */,
			);
			runOnlyForDeploymentPostprocessing = 0;
		};
/* End PBXSourcesBuildPhase section */

/* Begin PBXVariantGroup section */
		8D81F6A21E72BB840030C9D2 /* Main.storyboard */ = {
			isa = PBXVariantGroup;
			children = (
				8D81F6A31E72BB840030C9D2 /* Base */,
			);
			name = Main.storyboard;
			sourceTree = "<group>";
		};
		8D81F6A71E72BB840030C9D2 /* LaunchScreen.storyboard */ = {
			isa = PBXVariantGroup;
			children = (
				8D81F6A81E72BB840030C9D2 /* Base */,
			);
			name = LaunchScreen.storyboard;
			sourceTree = "<group>";
		};
/* End PBXVariantGroup section */

/* Begin XCBuildConfiguration section */
		8D81F6AB1E72BB840030C9D2 /* Debug */ = {
			isa = XCBuildConfiguration;
			buildSettings = {
				ALWAYS_SEARCH_USER_PATHS = NO;
				CLANG_ANALYZER_NONNULL = YES;
				CLANG_CXX_LANGUAGE_STANDARD = "gnu++0x";
				CLANG_CXX_LIBRARY = "libc++";
				CLANG_ENABLE_MODULES = YES;
				CLANG_ENABLE_OBJC_ARC = YES;
				CLANG_WARN_BOOL_CONVERSION = YES;
				CLANG_WARN_CONSTANT_CONVERSION = YES;
				CLANG_WARN_DIRECT_OBJC_ISA_USAGE = YES_ERROR;
				CLANG_WARN_DOCUMENTATION_COMMENTS = YES;
				CLANG_WARN_EMPTY_BODY = YES;
				CLANG_WARN_ENUM_CONVERSION = YES;
				CLANG_WARN_INFINITE_RECURSION = YES;
				CLANG_WARN_INT_CONVERSION = YES;
				CLANG_WARN_OBJC_ROOT_CLASS = YES_ERROR;
				CLANG_WARN_SUSPICIOUS_MOVE = YES;
				CLANG_WARN_UNREACHABLE_CODE = YES;
				CLANG_WARN__DUPLICATE_METHOD_MATCH = YES;
				"CODE_SIGN_IDENTITY[sdk=iphoneos*]" = "iPhone Developer";
				COPY_PHASE_STRIP = NO;
				DEBUG_INFORMATION_FORMAT = dwarf;
				ENABLE_STRICT_OBJC_MSGSEND = YES;
				ENABLE_TESTABILITY = YES;
				GCC_C_LANGUAGE_STANDARD = gnu99;
				GCC_DYNAMIC_NO_PIC = NO;
				GCC_NO_COMMON_BLOCKS = YES;
				GCC_OPTIMIZATION_LEVEL = 0;
				GCC_PREPROCESSOR_DEFINITIONS = (
					"DEBUG=1",
					"$(inherited)",
				);
				GCC_WARN_64_TO_32_BIT_CONVERSION = YES;
				GCC_WARN_ABOUT_RETURN_TYPE = YES_ERROR;
				GCC_WARN_UNDECLARED_SELECTOR = YES;
				GCC_WARN_UNINITIALIZED_AUTOS = YES_AGGRESSIVE;
				GCC_WARN_UNUSED_FUNCTION = YES;
				GCC_WARN_UNUSED_VARIABLE = YES;
				IPHONEOS_DEPLOYMENT_TARGET = 10.2;
				MTL_ENABLE_DEBUG_INFO = YES;
				ONLY_ACTIVE_ARCH = YES;
				SDKROOT = iphoneos;
			};
			name = Debug;
		};
		8D81F6AC1E72BB840030C9D2 /* Release */ = {
			isa = XCBuildConfiguration;
			buildSettings = {
				ALWAYS_SEARCH_USER_PATHS = NO;
				CLANG_ANALYZER_NONNULL = YES;
				CLANG_CXX_LANGUAGE_STANDARD = "gnu++0x";
				CLANG_CXX_LIBRARY = "libc++";
				CLANG_ENABLE_MODULES = YES;
				CLANG_ENABLE_OBJC_ARC = YES;
				CLANG_WARN_BOOL_CONVERSION = YES;
				CLANG_WARN_CONSTANT_CONVERSION = YES;
				CLANG_WARN_DIRECT_OBJC_ISA_USAGE = YES_ERROR;
				CLANG_WARN_DOCUMENTATION_COMMENTS = YES;
				CLANG_WARN_EMPTY_BODY = YES;
				CLANG_WARN_ENUM_CONVERSION = YES;
				CLANG_WARN_INFINITE_RECURSION = YES;
				CLANG_WARN_INT_CONVERSION = YES;
				CLANG_WARN_OBJC_ROOT_CLASS = YES_ERROR;
				CLANG_WARN_SUSPICIOUS_MOVE = YES;
				CLANG_WARN_UNREACHABLE_CODE = YES;
				CLANG_WARN__DUPLICATE_METHOD_MATCH = YES;
				"CODE_SIGN_IDENTITY[sdk=iphoneos*]" = "iPhone Developer";
				COPY_PHASE_STRIP = NO;
				DEBUG_INFORMATION_FORMAT = "dwarf-with-dsym";
				ENABLE_NS_ASSERTIONS = NO;
				ENABLE_STRICT_OBJC_MSGSEND = YES;
				GCC_C_LANGUAGE_STANDARD = gnu99;
				GCC_NO_COMMON_BLOCKS = YES;
				GCC_WARN_64_TO_32_BIT_CONVERSION = YES;
				GCC_WARN_ABOUT_RETURN_TYPE = YES_ERROR;
				GCC_WARN_UNDECLARED_SELECTOR = YES;
				GCC_WARN_UNINITIALIZED_AUTOS = YES_AGGRESSIVE;
				GCC_WARN_UNUSED_FUNCTION = YES;
				GCC_WARN_UNUSED_VARIABLE = YES;
				IPHONEOS_DEPLOYMENT_TARGET = 10.2;
				MTL_ENABLE_DEBUG_INFO = NO;
				SDKROOT = iphoneos;
				VALIDATE_PRODUCT = YES;
			};
			name = Release;
		};
		8D81F6AE1E72BB840030C9D2 /* Debug */ = {
			isa = XCBuildConfiguration;
			baseConfigurationReference = 2B636A69D74657A68F778C90 /* Pods-1-网易新闻.debug.xcconfig */;
			buildSettings = {
				ASSETCATALOG_COMPILER_APPICON_NAME = AppIcon;
				INFOPLIST_FILE = "1-网易新闻/Info.plist";
				IPHONEOS_DEPLOYMENT_TARGET = 9.0;
				LD_RUNPATH_SEARCH_PATHS = "$(inherited) @executable_path/Frameworks";
				PRODUCT_BUNDLE_IDENTIFIER = "cn.itheima.------";
				PRODUCT_NAME = "$(TARGET_NAME)";
			};
			name = Debug;
		};
		8D81F6AF1E72BB840030C9D2 /* Release */ = {
			isa = XCBuildConfiguration;
			baseConfigurationReference = 777A76D4D83B6BF34C26B44C /* Pods-1-网易新闻.release.xcconfig */;
			buildSettings = {
				ASSETCATALOG_COMPILER_APPICON_NAME = AppIcon;
				INFOPLIST_FILE = "1-网易新闻/Info.plist";
				IPHONEOS_DEPLOYMENT_TARGET = 9.0;
				LD_RUNPATH_SEARCH_PATHS = "$(inherited) @executable_path/Frameworks";
				PRODUCT_BUNDLE_IDENTIFIER = "cn.itheima.------";
				PRODUCT_NAME = "$(TARGET_NAME)";
			};
			name = Release;
		};
/* End XCBuildConfiguration section */

/* Begin XCConfigurationList section */
		8D81F6911E72BB840030C9D2 /* Build configuration list for PBXProject "1-网易新闻" */ = {
			isa = XCConfigurationList;
			buildConfigurations = (
				8D81F6AB1E72BB840030C9D2 /* Debug */,
				8D81F6AC1E72BB840030C9D2 /* Release */,
			);
			defaultConfigurationIsVisible = 0;
			defaultConfigurationName = Release;
		};
		8D81F6AD1E72BB840030C9D2 /* Build configuration list for PBXNativeTarget "1-网易新闻" */ = {
			isa = XCConfigurationList;
			buildConfigurations = (
				8D81F6AE1E72BB840030C9D2 /* Debug */,
				8D81F6AF1E72BB840030C9D2 /* Release */,
			);
			defaultConfigurationIsVisible = 0;
			defaultConfigurationName = Release;
		};
/* End XCConfigurationList section */
	};
	rootObject = 8D81F68E1E72BB840030C9D2 /* Project object */;
}
